
Microsoft Visual Studio Solution File, Format Version 12.00
# Visual Studio Version 16
VisualStudioVersion = 16.0.30907.101
MinimumVisualStudioVersion = 10.0.40219.1
Project("{9A19103F-16F7-4668-BE54-9A1E7A4F7556}") = "DataAccsess", "DataAccsess\DataAccsess.csproj", "{1C82C50F-DEFD-4FE9-AC75-8F922BF4CC5B}"
EndProject
Project("{9A19103F-16F7-4668-BE54-9A1E7A4F7556}") = "Business", "Business\Business.csproj", "{BEC9AFB3-B50B-462D-8F48-FCC3632767BE}"
EndProject
Project("{9A19103F-16F7-4668-BE54-9A1E7A4F7556}") = "Entities", "Entities\Entities.csproj", "{D90E5487-90CD-4A16-9970-DC4362D1EE89}"
EndProject
Project("{9A19103F-16F7-4668-BE54-9A1E7A4F7556}") = "ConsoleUI", "ConsoleUI\ConsoleUI.csproj", "{5164956E-F4CE-4A48-8384-6F0A6349A893}"
EndProject
Global
	GlobalSection(SolutionConfigurationPlatforms) = preSolution
		Debug|Any CPU = Debug|Any CPU
		Release|Any CPU = Release|Any CPU
	EndGlobalSection
	GlobalSection(ProjectConfigurationPlatforms) = postSolution
		{1C82C50F-DEFD-4FE9-AC75-8F922BF4CC5B}.Debug|Any CPU.ActiveCfg = Debug|Any CPU
		{1C82C50F-DEFD-4FE9-AC75-8F922BF4CC5B}.Debug|Any CPU.Build.0 = Debug|Any CPU
		{1C82C50F-DEFD-4FE9-AC75-8F922BF4CC5B}.Release|Any CPU.ActiveCfg = Release|Any CPU
		{1C82C50F-DEFD-4FE9-AC75-8F922BF4CC5B}.Release|Any CPU.Build.0 = Release|Any CPU
		{BEC9AFB3-B50B-462D-8F48-FCC3632767BE}.Debug|Any CPU.ActiveCfg = Debug|Any CPU
		{BEC9AFB3-B50B-462D-8F48-FCC3632767BE}.Debug|Any CPU.Build.0 = Debug|Any CPU
		{BEC9AFB3-B50B-462D-8F48-FCC3632767BE}.Release|Any CPU.ActiveCfg = Release|Any CPU
		{BEC9AFB3-B50B-462D-8F48-FCC3632767BE}.Release|Any CPU.Build.0 = Release|Any CPU
		{D90E5487-90CD-4A16-9970-DC4362D1EE89}.Debug|Any CPU.ActiveCfg = Debug|Any CPU
		{D90E5487-90CD-4A16-9970-DC4362D1EE89}.Debug|Any CPU.Build.0 = Debug|Any CPU
		{D90E5487-90CD-4A16-9970-DC4362D1EE89}.Release|Any CPU.ActiveCfg = Release|Any CPU
		{D90E5487-90CD-4A16-9970-DC4362D1EE89}.Release|Any CPU.Build.0 = Release|Any CPU
		{5164956E-F4CE-4A48-8384-6F0A6349A893}.Debug|Any CPU.ActiveCfg = Debug|Any CPU
		{5164956E-F4CE-4A48-8384-6F0A6349A893}.Debug|Any CPU.Build.0 = Debug|Any CPU
		{5164956E-F4CE-4A48-8384-6F0A6349A893}.Release|Any CPU.ActiveCfg = Release|Any CPU
		{5164956E-F4CE-4A48-8384-6F0A6349A893}.Release|Any CPU.Build.0 = Release|Any CPU
	EndGlobalSection
	GlobalSection(SolutionProperties) = preSolution
		HideSolutionNode = FALSE
	EndGlobalSection
	GlobalSection(ExtensibilityGlobals) = postSolution
		SolutionGuid = {EC726282-F206-4B90-8EC6-B125D1C82C39}
	EndGlobalSection
EndGlobal
